{
  "name": "nanocodex-ix-broker",
  "version": "0.1.0",
  "lockfileVersion": 3,
  "requires": true,
  "packages": {
    "": {
      "name": "nanocodex-ix-broker",
      "version": "0.1.0",
      "dependencies": {
        "@indexable/sdk": "0.7.2"
      },
      "engines": {
        "node": ">=24"
      }
    },
    "node_modules/@indexable/sdk": {
      "version": "0.7.2",
      "resolved": "https://registry.npmjs.org/@indexable/sdk/-/sdk-0.7.2.tgz",
      "integrity": "sha512-IkE8uRf0GTaOoEioMXdudmPjUkPDjY2mu1PF8SoWHL4dcD788rWqSngFfrCXqd7dwAYz9m4DkakkQyupEwFG7A==",
      "license": "SEE LICENSE IN LICENSE",
      "engines": {
        "node": ">=24"
      },
      "optionalDependencies": {
        "@indexable/sdk-node-darwin-arm64": "0.7.2",
        "@indexable/sdk-node-linux-x64": "0.7.2"
      },
      "peerDependencies": {
        "zod": "^4"
      },
      "peerDependenciesMeta": {
        "zod": {
          "optional": true
        }
      }
    },
    "node_modules/@indexable/sdk-node-darwin-arm64": {
      "version": "0.7.2",
      "resolved": "https://registry.npmjs.org/@indexable/sdk-node-darwin-arm64/-/sdk-node-darwin-arm64-0.7.2.tgz",
      "integrity": "sha512-Hl3AQXUMkYlpqBDdAQNNcfgvumwMfHWk8tQDbg0mXA0gQ9eH5M21Yx8oBOxwfznNiKJ4mymh8EMrrbsipeQkiQ==",
      "cpu": [
        "arm64"
      ],
      "license": "SEE LICENSE IN LICENSE",
      "optional": true,
      "os": [
        "darwin"
      ],
      "engines": {
        "node": ">=24"
      }
    },
    "node_modules/@indexable/sdk-node-linux-x64": {
      "version": "0.7.2",
      "resolved": "https://registry.npmjs.org/@indexable/sdk-node-linux-x64/-/sdk-node-linux-x64-0.7.2.tgz",
      "integrity": "sha512-A3XUTc20tNeHu3/paoxr2cjsGeiaoTcI1hjXew2HHAKmxZAdWVYX5WG+jvsmqemia5zTPJ1WwrKcpHpZoAE+3Q==",
      "cpu": [
        "x64"
      ],
      "license": "SEE LICENSE IN LICENSE",
      "optional": true,
      "os": [
        "linux"
      ],
      "engines": {
        "node": ">=24"
      }
    }
  }
}
